{
  "name": "ast-tree-shaking-demo",
  "version": "1.0.0",
  "lockfileVersion": 1,
  "requires": true,
  "dependencies": {
    "acorn": {
      "version": "8.0.5",
      "resolved": "https://registry.npm.taobao.org/acorn/download/acorn-8.0.5.tgz?cache=0&sync_timestamp=1611561275462&other_urls=https%3A%2F%2Fregistry.npm.taobao.org%2Facorn%2Fdownload%2Facorn-8.0.5.tgz",
      "integrity": "sha1-o7+4cqdKan9mG8gbmEnZysEmAbc="
    }
  }
}
